
Microsoft Visual Studio Solution File, Format Version 12.00
# Visual Studio Version 17
VisualStudioVersion = 17.10.34928.147
MinimumVisualStudioVersion = 10.0.40219.1
Project("{FAE04EC0-301F-11D3-BF4B-00C04F79EFBC}") = "Vehicle Rental System", "Vehicle Rental System.csproj", "{6513113B-8A0A-48B9-B7BC-139C9861FBE2}"
EndProject
Global
	GlobalSection(SolutionConfigurationPlatforms) = preSolution
		Debug|Any CPU = Debug|Any CPU
		Release|Any CPU = Release|Any CPU
	EndGlobalSection
	GlobalSection(ProjectConfigurationPlatforms) = postSolution
		{6513113B-8A0A-48B9-B7BC-139C9861FBE2}.Debug|Any CPU.ActiveCfg = Debug|Any CPU
		{6513113B-8A0A-48B9-B7BC-139C9861FBE2}.Debug|Any CPU.Build.0 = Debug|Any CPU
		{6513113B-8A0A-48B9-B7BC-139C9861FBE2}.Release|Any CPU.ActiveCfg = Release|Any CPU
		{6513113B-8A0A-48B9-B7BC-139C9861FBE2}.Release|Any CPU.Build.0 = Release|Any CPU
	EndGlobalSection
	GlobalSection(SolutionProperties) = preSolution
		HideSolutionNode = FALSE
	EndGlobalSection
	GlobalSection(ExtensibilityGlobals) = postSolution
		SolutionGuid = {0EFA5516-ABD7-4B03-B332-F63D909C151B}
	EndGlobalSection
EndGlobal
